
Microsoft Visual Studio Solution File, Format Version 12.00
# Visual Studio Version 16
VisualStudioVersion = 16.0.30011.22
MinimumVisualStudioVersion = 10.0.40219.1
Project("{FAE04EC0-301F-11D3-BF4B-00C04F79EFBC}") = "Tankard.Web", "Tankard.Web\Tankard.Web.csproj", "{E1594A4D-8289-4A4E-83B5-181228BF3FFB}"
EndProject
Global
	GlobalSection(SolutionConfigurationPlatforms) = preSolution
		Debug|Any CPU = Debug|Any CPU
		Release|Any CPU = Release|Any CPU
	EndGlobalSection
	GlobalSection(ProjectConfigurationPlatforms) = postSolution
		{E1594A4D-8289-4A4E-83B5-181228BF3FFB}.Debug|Any CPU.ActiveCfg = Debug|Any CPU
		{E1594A4D-8289-4A4E-83B5-181228BF3FFB}.Debug|Any CPU.Build.0 = Debug|Any CPU
		{E1594A4D-8289-4A4E-83B5-181228BF3FFB}.Release|Any CPU.ActiveCfg = Release|Any CPU
		{E1594A4D-8289-4A4E-83B5-181228BF3FFB}.Release|Any CPU.Build.0 = Release|Any CPU
	EndGlobalSection
	GlobalSection(SolutionProperties) = preSolution
		HideSolutionNode = FALSE
	EndGlobalSection
	GlobalSection(ExtensibilityGlobals) = postSolution
		SolutionGuid = {9F38709A-DB63-42E0-AB21-56D63CCC0933}
	EndGlobalSection
EndGlobal
